
Microsoft Visual Studio Solution File, Format Version 12.00
# Visual Studio Version 17
VisualStudioVersion = 17.9.34728.123
MinimumVisualStudioVersion = 10.0.40219.1
Project("{FAE04EC0-301F-11D3-BF4B-00C04F79EFBC}") = "ProjetoHospitalUSGA", "ProjetoHospitalUSGA\ProjetoHospitalUSGA.csproj", "{AE1BB545-0221-48F5-811B-9F37E624027B}"
EndProject
Global
	GlobalSection(SolutionConfigurationPlatforms) = preSolution
		Debug|Any CPU = Debug|Any CPU
		Release|Any CPU = Release|Any CPU
	EndGlobalSection
	GlobalSection(ProjectConfigurationPlatforms) = postSolution
		{AE1BB545-0221-48F5-811B-9F37E624027B}.Debug|Any CPU.ActiveCfg = Debug|Any CPU
		{AE1BB545-0221-48F5-811B-9F37E624027B}.Debug|Any CPU.Build.0 = Debug|Any CPU
		{AE1BB545-0221-48F5-811B-9F37E624027B}.Release|Any CPU.ActiveCfg = Release|Any CPU
		{AE1BB545-0221-48F5-811B-9F37E624027B}.Release|Any CPU.Build.0 = Release|Any CPU
	EndGlobalSection
	GlobalSection(SolutionProperties) = preSolution
		HideSolutionNode = FALSE
	EndGlobalSection
	GlobalSection(ExtensibilityGlobals) = postSolution
		SolutionGuid = {58F8558F-6B40-4346-ABE2-FE3C36E1C7B9}
	EndGlobalSection
EndGlobal
